PODS:
  - IBMMobileFirstPlatformFoundation (8.0.2018040422)

DEPENDENCIES:
  - IBMMobileFirstPlatformFoundation

SPEC REPOS:
  https://github.com/cocoapods/specs.git:
    - IBMMobileFirstPlatformFoundation

SPEC CHECKSUMS:
  IBMMobileFirstPlatformFoundation: 6bc8dc89768e412decf259dcb3d5d0a8513c0ce9

PODFILE CHECKSUM: 7a783a34115ea453f0a6eacd5f8fcf3752aa46d9

COCOAPODS: 1.5.2
